
Microsoft Visual Studio Solution File, Format Version 12.00
# Visual Studio Version 17
VisualStudioVersion = 17.5.33516.290
MinimumVisualStudioVersion = 10.0.40219.1
Project("{FAE04EC0-301F-11D3-BF4B-00C04F79EFBC}") = "DefiningAndReflectingAttributes", "Defining&ReflectingAttributes\DefiningAndReflectingAttributes.csproj", "{7B88AAAB-C4A2-408A-905F-0A06B0A8CC67}"
EndProject
Global
	GlobalSection(SolutionConfigurationPlatforms) = preSolution
		Debug|Any CPU = Debug|Any CPU
		Release|Any CPU = Release|Any CPU
	EndGlobalSection
	GlobalSection(ProjectConfigurationPlatforms) = postSolution
		{7B88AAAB-C4A2-408A-905F-0A06B0A8CC67}.Debug|Any CPU.ActiveCfg = Debug|Any CPU
		{7B88AAAB-C4A2-408A-905F-0A06B0A8CC67}.Debug|Any CPU.Build.0 = Debug|Any CPU
		{7B88AAAB-C4A2-408A-905F-0A06B0A8CC67}.Release|Any CPU.ActiveCfg = Release|Any CPU
		{7B88AAAB-C4A2-408A-905F-0A06B0A8CC67}.Release|Any CPU.Build.0 = Release|Any CPU
	EndGlobalSection
	GlobalSection(SolutionProperties) = preSolution
		HideSolutionNode = FALSE
	EndGlobalSection
	GlobalSection(ExtensibilityGlobals) = postSolution
		SolutionGuid = {0A67EFC8-B0C6-41EC-A43A-42C0A601002B}
	EndGlobalSection
EndGlobal
